github.com/a-h/templ v0.2.793 h1:Io+/ocnfGWYO4VHdR0zBbf39PQlnzVCVVD+wEEs6/qY=
github.com/a-h/templ v0.2.793/go.mod h1:lq48JXoUvuQrU0VThrK31yFwdRjTCnIE5bcPCM9IP1w=
github.com/gocarina/gocsv v0.0.0-20240520201108-78e41c74b4b1 h1:FWNFq4fM1wPfcK40yHE5UO3RUdSNPaBC+j3PokzA6OQ=
github.com/gocarina/gocsv v0.0.0-20240520201108-78e41c74b4b1/go.mod h1:5YoVOkjYAQumqlV356Hj3xeYh4BdZuLE0/nRkf2NKkI=
github.com/google/go-cmp v0.6.0 h1:ofyhxvXcZhMsU5ulbFiLKl/XBFqE1GSq7atu8tAmTRI=
github.com/google/go-cmp v0.6.0/go.mod h1:17dUlkBOakJ0+DkrSSNjCkIjxS6bF9zb3elmeNGIjoY=
go.etcd.io/bbolt v1.3.11 h1:yGEzV1wPz2yVCLsD8ZAiGHhHVlczyC9d1rP43/VCRJ0=
go.etcd.io/bbolt v1.3.11/go.mod h1:dksAq7YMXoljX0xu6VF5DMZGbhYYoLUalEiSySYAS4I=
golang.org/x/sys v0.23.0 h1:YfKFowiIMvtgl1UERQoTPPToxltDeZfbj4H7dVUCwmM=
golang.org/x/sys v0.23.0/go.mod h1:/VUhepiaJMQUp4+oa/7Zr1D23ma6VTLIYjOOTFZPUcA=
